
Microsoft Visual Studio Solution File, Format Version 12.00
# Visual Studio Version 17
VisualStudioVersion = 17.9.34902.65
MinimumVisualStudioVersion = 10.0.40219.1
Project("{FAE04EC0-301F-11D3-BF4B-00C04F79EFBC}") = "JustDoIt", "JustDoIt\JustDoIt.csproj", "{EE658171-E418-46D6-9B76-1E94C320C843}"
EndProject
Project("{9A19103F-16F7-4668-BE54-9A1E7A4F7556}") = "JustDoIt.DAL", "JustDoIt.DAL\JustDoIt.DAL.csproj", "{FF414CAE-A454-4F5C-9531-173F83ADB150}"
	ProjectSection(ProjectDependencies) = postProject
		{7CC0BC9D-46D1-4659-9868-198CD8A52EE5} = {7CC0BC9D-46D1-4659-9868-198CD8A52EE5}
	EndProjectSection
EndProject
Project("{9A19103F-16F7-4668-BE54-9A1E7A4F7556}") = "JustDoIt.Model", "JustDoIt.Model\JustDoIt.Model.csproj", "{7CC0BC9D-46D1-4659-9868-198CD8A52EE5}"
EndProject
Project("{9A19103F-16F7-4668-BE54-9A1E7A4F7556}") = "JustDoIt.Repository", "JustDoIt.Repository\JustDoIt.Repository.csproj", "{04FBDAD8-8DFC-48BE-8A96-734FE42AED8D}"
	ProjectSection(ProjectDependencies) = postProject
		{7CC0BC9D-46D1-4659-9868-198CD8A52EE5} = {7CC0BC9D-46D1-4659-9868-198CD8A52EE5}
		{888D6C3B-B87C-47FD-9CE7-BE8E665A8A12} = {888D6C3B-B87C-47FD-9CE7-BE8E665A8A12}
	EndProjectSection
EndProject
Project("{9A19103F-16F7-4668-BE54-9A1E7A4F7556}") = "JustDoIt.Service", "JustDoIt.Service\JustDoIt.Service.csproj", "{B4AB4642-5202-47F9-A23F-98ACC343DA41}"
	ProjectSection(ProjectDependencies) = postProject
		{04FBDAD8-8DFC-48BE-8A96-734FE42AED8D} = {04FBDAD8-8DFC-48BE-8A96-734FE42AED8D}
		{7CC0BC9D-46D1-4659-9868-198CD8A52EE5} = {7CC0BC9D-46D1-4659-9868-198CD8A52EE5}
		{D881CBA8-4695-4A97-B1DD-C890B6BAE15A} = {D881CBA8-4695-4A97-B1DD-C890B6BAE15A}
	EndProjectSection
EndProject
Project("{9A19103F-16F7-4668-BE54-9A1E7A4F7556}") = "JustDoIt.API", "JustDoIt.API\JustDoIt.API.csproj", "{2D2E5952-3D47-4880-A88D-96C8A456B552}"
	ProjectSection(ProjectDependencies) = postProject
		{B4AB4642-5202-47F9-A23F-98ACC343DA41} = {B4AB4642-5202-47F9-A23F-98ACC343DA41}
	EndProjectSection
EndProject
Project("{9A19103F-16F7-4668-BE54-9A1E7A4F7556}") = "JustDoIt.Mapperly", "JustDoIt.Mapperly\JustDoIt.Mapperly.csproj", "{888D6C3B-B87C-47FD-9CE7-BE8E665A8A12}"
	ProjectSection(ProjectDependencies) = postProject
		{7CC0BC9D-46D1-4659-9868-198CD8A52EE5} = {7CC0BC9D-46D1-4659-9868-198CD8A52EE5}
		{EE658171-E418-46D6-9B76-1E94C320C843} = {EE658171-E418-46D6-9B76-1E94C320C843}
	EndProjectSection
EndProject
Project("{9A19103F-16F7-4668-BE54-9A1E7A4F7556}") = "JustDoIt.Common", "JustDoIt.Common\JustDoIt.Common.csproj", "{D881CBA8-4695-4A97-B1DD-C890B6BAE15A}"
EndProject
Global
	GlobalSection(SolutionConfigurationPlatforms) = preSolution
		Debug|Any CPU = Debug|Any CPU
		Release|Any CPU = Release|Any CPU
	EndGlobalSection
	GlobalSection(ProjectConfigurationPlatforms) = postSolution
		{EE658171-E418-46D6-9B76-1E94C320C843}.Debug|Any CPU.ActiveCfg = Debug|Any CPU
		{EE658171-E418-46D6-9B76-1E94C320C843}.Debug|Any CPU.Build.0 = Debug|Any CPU
		{EE658171-E418-46D6-9B76-1E94C320C843}.Release|Any CPU.ActiveCfg = Release|Any CPU
		{EE658171-E418-46D6-9B76-1E94C320C843}.Release|Any CPU.Build.0 = Release|Any CPU
		{FF414CAE-A454-4F5C-9531-173F83ADB150}.Debug|Any CPU.ActiveCfg = Debug|Any CPU
		{FF414CAE-A454-4F5C-9531-173F83ADB150}.Debug|Any CPU.Build.0 = Debug|Any CPU
		{FF414CAE-A454-4F5C-9531-173F83ADB150}.Release|Any CPU.ActiveCfg = Release|Any CPU
		{FF414CAE-A454-4F5C-9531-173F83ADB150}.Release|Any CPU.Build.0 = Release|Any CPU
		{7CC0BC9D-46D1-4659-9868-198CD8A52EE5}.Debug|Any CPU.ActiveCfg = Debug|Any CPU
		{7CC0BC9D-46D1-4659-9868-198CD8A52EE5}.Debug|Any CPU.Build.0 = Debug|Any CPU
		{7CC0BC9D-46D1-4659-9868-198CD8A52EE5}.Release|Any CPU.ActiveCfg = Release|Any CPU
		{7CC0BC9D-46D1-4659-9868-198CD8A52EE5}.Release|Any CPU.Build.0 = Release|Any CPU
		{04FBDAD8-8DFC-48BE-8A96-734FE42AED8D}.Debug|Any CPU.ActiveCfg = Debug|Any CPU
		{04FBDAD8-8DFC-48BE-8A96-734FE42AED8D}.Debug|Any CPU.Build.0 = Debug|Any CPU
		{04FBDAD8-8DFC-48BE-8A96-734FE42AED8D}.Release|Any CPU.ActiveCfg = Release|Any CPU
		{04FBDAD8-8DFC-48BE-8A96-734FE42AED8D}.Release|Any CPU.Build.0 = Release|Any CPU
		{B4AB4642-5202-47F9-A23F-98ACC343DA41}.Debug|Any CPU.ActiveCfg = Debug|Any CPU
		{B4AB4642-5202-47F9-A23F-98ACC343DA41}.Debug|Any CPU.Build.0 = Debug|Any CPU
		{B4AB4642-5202-47F9-A23F-98ACC343DA41}.Release|Any CPU.ActiveCfg = Release|Any CPU
		{B4AB4642-5202-47F9-A23F-98ACC343DA41}.Release|Any CPU.Build.0 = Release|Any CPU
		{2D2E5952-3D47-4880-A88D-96C8A456B552}.Debug|Any CPU.ActiveCfg = Debug|Any CPU
		{2D2E5952-3D47-4880-A88D-96C8A456B552}.Debug|Any CPU.Build.0 = Debug|Any CPU
		{2D2E5952-3D47-4880-A88D-96C8A456B552}.Release|Any CPU.ActiveCfg = Release|Any CPU
		{2D2E5952-3D47-4880-A88D-96C8A456B552}.Release|Any CPU.Build.0 = Release|Any CPU
		{888D6C3B-B87C-47FD-9CE7-BE8E665A8A12}.Debug|Any CPU.ActiveCfg = Debug|Any CPU
		{888D6C3B-B87C-47FD-9CE7-BE8E665A8A12}.Debug|Any CPU.Build.0 = Debug|Any CPU
		{888D6C3B-B87C-47FD-9CE7-BE8E665A8A12}.Release|Any CPU.ActiveCfg = Release|Any CPU
		{888D6C3B-B87C-47FD-9CE7-BE8E665A8A12}.Release|Any CPU.Build.0 = Release|Any CPU
		{D881CBA8-4695-4A97-B1DD-C890B6BAE15A}.Debug|Any CPU.ActiveCfg = Debug|Any CPU
		{D881CBA8-4695-4A97-B1DD-C890B6BAE15A}.Debug|Any CPU.Build.0 = Debug|Any CPU
		{D881CBA8-4695-4A97-B1DD-C890B6BAE15A}.Release|Any CPU.ActiveCfg = Release|Any CPU
		{D881CBA8-4695-4A97-B1DD-C890B6BAE15A}.Release|Any CPU.Build.0 = Release|Any CPU
	EndGlobalSection
	GlobalSection(SolutionProperties) = preSolution
		HideSolutionNode = FALSE
	EndGlobalSection
	GlobalSection(ExtensibilityGlobals) = postSolution
		SolutionGuid = {F4B8AA31-1C28-476B-AE0D-B05B4F5AB5EB}
	EndGlobalSection
EndGlobal
